
Microsoft Visual Studio Solution File, Format Version 12.00
# Visual Studio 2013
VisualStudioVersion = 12.0.21005.1
MinimumVisualStudioVersion = 10.0.40219.1
Project("{FAE04EC0-301F-11D3-BF4B-00C04F79EFBC}") = "Invoicing", "Invoicing1\Invoicing.csproj", "{00EAF506-F67F-48AE-8FE6-D417633D65B2}"
EndProject
Project("{FAE04EC0-301F-11D3-BF4B-00C04F79EFBC}") = "InvoicingExportImport", "InvoicingExportImport\InvoicingExportImport.csproj", "{9C731762-A61A-4043-B214-3088F4D6852A}"
EndProject
Global
	GlobalSection(SolutionConfigurationPlatforms) = preSolution
		Debug|Any CPU = Debug|Any CPU
		Release|Any CPU = Release|Any CPU
	EndGlobalSection
	GlobalSection(ProjectConfigurationPlatforms) = postSolution
		{00EAF506-F67F-48AE-8FE6-D417633D65B2}.Debug|Any CPU.ActiveCfg = Debug|Any CPU
		{00EAF506-F67F-48AE-8FE6-D417633D65B2}.Debug|Any CPU.Build.0 = Debug|Any CPU
		{00EAF506-F67F-48AE-8FE6-D417633D65B2}.Release|Any CPU.ActiveCfg = Release|Any CPU
		{00EAF506-F67F-48AE-8FE6-D417633D65B2}.Release|Any CPU.Build.0 = Release|Any CPU
		{9C731762-A61A-4043-B214-3088F4D6852A}.Debug|Any CPU.ActiveCfg = Debug|Any CPU
		{9C731762-A61A-4043-B214-3088F4D6852A}.Debug|Any CPU.Build.0 = Debug|Any CPU
		{9C731762-A61A-4043-B214-3088F4D6852A}.Release|Any CPU.ActiveCfg = Release|Any CPU
		{9C731762-A61A-4043-B214-3088F4D6852A}.Release|Any CPU.Build.0 = Release|Any CPU
	EndGlobalSection
	GlobalSection(SolutionProperties) = preSolution
		HideSolutionNode = FALSE
	EndGlobalSection
EndGlobal
